// !$*UTF8*$!
{
	archiveVersion = 1;
	classes = {
	};
	objectVersion = 46;
	objects = {

/* Begin PBXBuildFile section */
		FFAAE0221900A07000D7DF5D /* Foundation.framework in Frameworks */ = {isa = PBXBuildFile; fileRef = FFAAE0211900A07000D7DF5D /* Foundation.framework */; };
		FFAAE0241900A07000D7DF5D /* CoreGraphics.framework in Frameworks */ = {isa = PBXBuildFile; fileRef = FFAAE0231900A07000D7DF5D /* CoreGraphics.framework */; };
		FFAAE0261900A07000D7DF5D /* UIKit.framework in Frameworks */ = {isa = PBXBuildFile; fileRef = FFAAE0251900A07000D7DF5D /* UIKit.framework */; };
		FFAAE02C1900A07100D7DF5D /* InfoPlist.strings in Resources */ = {isa = PBXBuildFile; fileRef = FFAAE02A1900A07100D7DF5D /* InfoPlist.strings */; };
		FFAAE02E1900A07100D7DF5D /* main.m in Sources */ = {isa = PBXBuildFile; fileRef = FFAAE02D1900A07100D7DF5D /* main.m */; };
		FFAAE0321900A07100D7DF5D /* AppDelegate.m in Sources */ = {isa = PBXBuildFile; fileRef = FFAAE0311900A07100D7DF5D /* AppDelegate.m */; };
		FFAAE0351900A07100D7DF5D /* Main_iPhone.storyboard in Resources */ = {isa = PBXBuildFile; fileRef = FFAAE0331900A07100D7DF5D /* Main_iPhone.storyboard */; };
		FFAAE0381900A07100D7DF5D /* Main_iPad.storyboard in Resources */ = {isa = PBXBuildFile; fileRef = FFAAE0361900A07100D7DF5D /* Main_iPad.storyboard */; };
		FFAAE03B1900A07100D7DF5D /* ViewController.m in Sources */ = {isa = PBXBuildFile; fileRef = FFAAE03A1900A07100D7DF5D /* ViewController.m */; };
		FFAAE03D1900A07100D7DF5D /* Images.xcassets in Resources */ = {isa = PBXBuildFile; fileRef = FFAAE03C1900A07100D7DF5D /* Images.xcassets */; };
		FFAAE0441900A07100D7DF5D /* XCTest.framework in Frameworks */ = {isa = PBXBuildFile; fileRef = FFAAE0431900A07100D7DF5D /* XCTest.framework */; };
		FFAAE0451900A07100D7DF5D /* Foundation.framework in Frameworks */ = {isa = PBXBuildFile; fileRef = FFAAE0211900A07000D7DF5D /* Foundation.framework */; };
		FFAAE0461900A07100D7DF5D /* UIKit.framework in Frameworks */ = {isa = PBXBuildFile; fileRef = FFAAE0251900A07000D7DF5D /* UIKit.framework */; };
		FFAAE04E1900A07100D7DF5D /* InfoPlist.strings in Resources */ = {isa = PBXBuildFile; fileRef = FFAAE04C1900A07100D7DF5D /* InfoPlist.strings */; };
		FFAAE0501900A07100D7DF5D /* HelloWorldTests.m in Sources */ = {isa = PBXBuildFile; fileRef = FFAAE04F1900A07100D7DF5D /* HelloWorldTests.m */; };
/* End PBXBuildFile section */

/* Begin PBXContainerItemProxy section */
		FFAAE0471900A07100D7DF5D /* PBXContainerItemProxy */ = {
			isa = PBXContainerItemProxy;
			containerPortal = FFAAE0161900A07000D7DF5D /* Project object */;
			proxyType = 1;
			remoteGlobalIDString = FFAAE01D1900A07000D7DF5D;
			remoteInfo = HelloWorld;
		};
/* End PBXContainerItemProxy section */

/* Begin PBXFileReference section */
		FFAAE01E1900A07000D7DF5D /* HelloWorld.app */ = {isa = PBXFileReference; explicitFileType = wrapper.application; includeInIndex = 0; path = HelloWorld.app; sourceTree = BUILT_PRODUCTS_DIR; };
		FFAAE0211900A07000D7DF5D /* Foundation.framework */ = {isa = PBXFileReference; lastKnownFileType = wrapper.framework; name = Foundation.framework; path = System/Library/Frameworks/Foundation.framework; sourceTree = SDKROOT; };
		FFAAE0231900A07000D7DF5D /* CoreGraphics.framework */ = {isa = PBXFileReference; lastKnownFileType = wrapper.framework; name = CoreGraphics.framework; path = System/Library/Frameworks/CoreGraphics.framework; sourceTree = SDKROOT; };
		FFAAE0251900A07000D7DF5D /* UIKit.framework */ = {isa = PBXFileReference; lastKnownFileType = wrapper.framework; name = UIKit.framework; path = System/Library/Frameworks/UIKit.framework; sourceTree = SDKROOT; };
		FFAAE0291900A07100D7DF5D /* HelloWorld-Info.plist */ = {isa = PBXFileReference; lastKnownFileType = text.plist.xml; path = "HelloWorld-Info.plist"; sourceTree = "<group>"; };
		FFAAE02B1900A07100D7DF5D /* en */ = {isa = PBXFileReference; lastKnownFileType = text.plist.strings; name = en; path = en.lproj/InfoPlist.strings; sourceTree = "<group>"; };
		FFAAE02D1900A07100D7DF5D /* main.m */ = {isa = PBXFileReference; lastKnownFileType = sourcecode.c.objc; path = main.m; sourceTree = "<group>"; };
		FFAAE02F1900A07100D7DF5D /* HelloWorld-Prefix.pch */ = {isa = PBXFileReference; lastKnownFileType = sourcecode.c.h; path = "HelloWorld-Prefix.pch"; sourceTree = "<group>"; };
		FFAAE0301900A07100D7DF5D /* AppDelegate.h */ = {isa = PBXFileReference; lastKnownFileType = sourcecode.c.h; path = AppDelegate.h; sourceTree = "<group>"; };
		FFAAE0311900A07100D7DF5D /* AppDelegate.m */ = {isa = PBXFileReference; lastKnownFileType = sourcecode.c.objc; path = AppDelegate.m; sourceTree = "<group>"; };
		FFAAE0341900A07100D7DF5D /* Base */ = {isa = PBXFileReference; lastKnownFileType = file.storyboard; name = Base; path = Base.lproj/Main_iPhone.storyboard; sourceTree = "<group>"; };
		FFAAE0371900A07100D7DF5D /* Base */ = {isa = PBXFileReference; lastKnownFileType = file.storyboard; name = Base; path = Base.lproj/Main_iPad.storyboard; sourceTree = "<group>"; };
		FFAAE0391900A07100D7DF5D /* ViewController.h */ = {isa = PBXFileReference; lastKnownFileType = sourcecode.c.h; path = ViewController.h; sourceTree = "<group>"; };
		FFAAE03A1900A07100D7DF5D /* ViewController.m */ = {isa = PBXFileReference; lastKnownFileType = sourcecode.c.objc; path = ViewController.m; sourceTree = "<group>"; };
		FFAAE03C1900A07100D7DF5D /* Images.xcassets */ = {isa = PBXFileReference; lastKnownFileType = folder.assetcatalog; path = Images.xcassets; sourceTree = "<group>"; };
		FFAAE0421900A07100D7DF5D /* HelloWorldTests.xctest */ = {isa = PBXFileReference; explicitFileType = wrapper.cfbundle; includeInIndex = 0; path = HelloWorldTests.xctest; sourceTree = BUILT_PRODUCTS_DIR; };
		FFAAE0431900A07100D7DF5D /* XCTest.framework */ = {isa = PBXFileReference; lastKnownFileType = wrapper.framework; name = XCTest.framework; path = Library/Frameworks/XCTest.framework; sourceTree = DEVELOPER_DIR; };
		FFAAE04B1900A07100D7DF5D /* HelloWorldTests-Info.plist */ = {isa = PBXFileReference; lastKnownFileType = text.plist.xml; path = "HelloWorldTests-Info.plist"; sourceTree = "<group>"; };
		FFAAE04D1900A07100D7DF5D /* en */ = {isa = PBXFileReference; lastKnownFileType = text.plist.strings; name = en; path = en.lproj/InfoPlist.strings; sourceTree = "<group>"; };
		FFAAE04F1900A07100D7DF5D /* HelloWorldTests.m */ = {isa = PBXFileReference; lastKnownFileType = sourcecode.c.objc; path = HelloWorldTests.m; sourceTree = "<group>"; };
/* End PBXFileReference section */

/* Begin PBXFrameworksBuildPhase section */
		FFAAE01B1900A07000D7DF5D /* Frameworks */ = {
			isa = PBXFrameworksBuildPhase;
			buildActionMask = 2147483647;
			files = (
				FFAAE0241900A07000D7DF5D /* CoreGraphics.framework in Frameworks */,
				FFAAE0261900A07000D7DF5D /* UIKit.framework in Frameworks */,
				FFAAE0221900A07000D7DF5D /* Foundation.framework in Frameworks */,
			);
			runOnlyForDeploymentPostprocessing = 0;
		};
		FFAAE03F1900A07100D7DF5D /* Frameworks */ = {
			isa = PBXFrameworksBuildPhase;
			buildActionMask = 2147483647;
			files = (
				FFAAE0441900A07100D7DF5D /* XCTest.framework in Frameworks */,
				FFAAE0461900A07100D7DF5D /* UIKit.framework in Frameworks */,
				FFAAE0451900A07100D7DF5D /* Foundation.framework in Frameworks */,
			);
			runOnlyForDeploymentPostprocessing = 0;
		};
/* End PBXFrameworksBuildPhase section */

/* Begin PBXGroup section */
		FFAAE0151900A07000D7DF5D = {
			isa = PBXGroup;
			children = (
				FFAAE0271900A07000D7DF5D /* HelloWorld */,
				FFAAE0491900A07100D7DF5D /* HelloWorldTests */,
				FFAAE0201900A07000D7DF5D /* Frameworks */,
				FFAAE01F1900A07000D7DF5D /* Products */,
			);
			sourceTree = "<group>";
		};
		FFAAE01F1900A07000D7DF5D /* Products */ = {
			isa = PBXGroup;
			children = (
				FFAAE01E1900A07000D7DF5D /* HelloWorld.app */,
				FFAAE0421900A07100D7DF5D /* HelloWorldTests.xctest */,
			);
			name = Products;
			sourceTree = "<group>";
		};
		FFAAE0201900A07000D7DF5D /* Frameworks */ = {
			isa = PBXGroup;
			children = (
				FFAAE0211900A07000D7DF5D /* Foundation.framework */,
				FFAAE0231900A07000D7DF5D /* CoreGraphics.framework */,
				FFAAE0251900A07000D7DF5D /* UIKit.framework */,
				FFAAE0431900A07100D7DF5D /* XCTest.framework */,
			);
			name = Frameworks;
			sourceTree = "<group>";
		};
		FFAAE0271900A07000D7DF5D /* HelloWorld */ = {
			isa = PBXGroup;
			children = (
				FFAAE0301900A07100D7DF5D /* AppDelegate.h */,
				FFAAE0311900A07100D7DF5D /* AppDelegate.m */,
				FFAAE0331900A07100D7DF5D /* Main_iPhone.storyboard */,
				FFAAE0361900A07100D7DF5D /* Main_iPad.storyboard */,
				FFAAE0391900A07100D7DF5D /* ViewController.h */,
				FFAAE03A1900A07100D7DF5D /* ViewController.m */,
				FFAAE03C1900A07100D7DF5D /* Images.xcassets */,
				FFAAE0281900A07100D7DF5D /* Supporting Files */,
			);
			path = HelloWorld;
			sourceTree = "<group>";
		};
		FFAAE0281900A07100D7DF5D /* Supporting Files */ = {
			isa = PBXGroup;
			children = (
				FFAAE0291900A07100D7DF5D /* HelloWorld-Info.plist */,
				FFAAE02A1900A07100D7DF5D /* InfoPlist.strings */,
				FFAAE02D1900A07100D7DF5D /* main.m */,
				FFAAE02F1900A07100D7DF5D /* HelloWorld-Prefix.pch */,
			);
			name = "Supporting Files";
			sourceTree = "<group>";
		};
		FFAAE0491900A07100D7DF5D /* HelloWorldTests */ = {
			isa = PBXGroup;
			children = (
				FFAAE04F1900A07100D7DF5D /* HelloWorldTests.m */,
				FFAAE04A1900A07100D7DF5D /* Supporting Files */,
			);
			path = HelloWorldTests;
			sourceTree = "<group>";
		};
		FFAAE04A1900A07100D7DF5D /* Supporting Files */ = {
			isa = PBXGroup;
			children = (
				FFAAE04B1900A07100D7DF5D /* HelloWorldTests-Info.plist */,
				FFAAE04C1900A07100D7DF5D /* InfoPlist.strings */,
			);
			name = "Supporting Files";
			sourceTree = "<group>";
		};
/* End PBXGroup section */

/* Begin PBXNativeTarget section */
		FFAAE01D1900A07000D7DF5D /* HelloWorld */ = {
			isa = PBXNativeTarget;
			buildConfigurationList = FFAAE0531900A07100D7DF5D /* Build configuration list for PBXNativeTarget "HelloWorld" */;
			buildPhases = (
				FFAAE01A1900A07000D7DF5D /* Sources */,
				FFAAE01B1900A07000D7DF5D /* Frameworks */,
				FFAAE01C1900A07000D7DF5D /* Resources */,
			);
			buildRules = (
			);
			dependencies = (
			);
			name = HelloWorld;
			productName = HelloWorld;
			productReference = FFAAE01E1900A07000D7DF5D /* HelloWorld.app */;
			productType = "com.apple.product-type.application";
		};
		FFAAE0411900A07100D7DF5D /* HelloWorldTests */ = {
			isa = PBXNativeTarget;
			buildConfigurationList = FFAAE0561900A07100D7DF5D /* Build configuration list for PBXNativeTarget "HelloWorldTests" */;
			buildPhases = (
				FFAAE03E1900A07100D7DF5D /* Sources */,
				FFAAE03F1900A07100D7DF5D /* Frameworks */,
				FFAAE0401900A07100D7DF5D /* Resources */,
			);
			buildRules = (
			);
			dependencies = (
				FFAAE0481900A07100D7DF5D /* PBXTargetDependency */,
			);
			name = HelloWorldTests;
			productName = HelloWorldTests;
			productReference = FFAAE0421900A07100D7DF5D /* HelloWorldTests.xctest */;
			productType = "com.apple.product-type.bundle.unit-test";
		};
/* End PBXNativeTarget section */

/* Begin PBXProject section */
		FFAAE0161900A07000D7DF5D /* Project object */ = {
			isa = PBXProject;
			attributes = {
				LastUpgradeCheck = 0510;
				ORGANIZATIONNAME = Mark;
				TargetAttributes = {
					FFAAE0411900A07100D7DF5D = {
						TestTargetID = FFAAE01D1900A07000D7DF5D;
					};
				};
			};
			buildConfigurationList = FFAAE0191900A07000D7DF5D /* Build configuration list for PBXProject "HelloWorld" */;
			compatibilityVersion = "Xcode 3.2";
			developmentRegion = English;
			hasScannedForEncodings = 0;
			knownRegions = (
				en,
				Base,
			);
			mainGroup = FFAAE0151900A07000D7DF5D;
			productRefGroup = FFAAE01F1900A07000D7DF5D /* Products */;
			projectDirPath = "";
			projectRoot = "";
			targets = (
				FFAAE01D1900A07000D7DF5D /* HelloWorld */,
				FFAAE0411900A07100D7DF5D /* HelloWorldTests */,
			);
		};
/* End PBXProject section */

/* Begin PBXResourcesBuildPhase section */
		FFAAE01C1900A07000D7DF5D /* Resources */ = {
			isa = PBXResourcesBuildPhase;
			buildActionMask = 2147483647;
			files = (
				FFAAE0381900A07100D7DF5D /* Main_iPad.storyboard in Resources */,
				FFAAE03D1900A07100D7DF5D /* Images.xcassets in Resources */,
				FFAAE0351900A07100D7DF5D /* Main_iPhone.storyboard in Resources */,
				FFAAE02C1900A07100D7DF5D /* InfoPlist.strings in Resources */,
			);
			runOnlyForDeploymentPostprocessing = 0;
		};
		FFAAE0401900A07100D7DF5D /* Resources */ = {
			isa = PBXResourcesBuildPhase;
			buildActionMask = 2147483647;
			files = (
				FFAAE04E1900A07100D7DF5D /* InfoPlist.strings in Resources */,
			);
			runOnlyForDeploymentPostprocessing = 0;
		};
/* End PBXResourcesBuildPhase section */

/* Begin PBXSourcesBuildPhase section */
		FFAAE01A1900A07000D7DF5D /* Sources */ = {
			isa = PBXSourcesBuildPhase;
			buildActionMask = 2147483647;
			files = (
				FFAAE03B1900A07100D7DF5D /* ViewController.m in Sources */,
				FFAAE0321900A07100D7DF5D /* AppDelegate.m in Sources */,
				FFAAE02E1900A07100D7DF5D /* main.m in Sources */,
			);
			runOnlyForDeploymentPostprocessing = 0;
		};
		FFAAE03E1900A07100D7DF5D /* Sources */ = {
			isa = PBXSourcesBuildPhase;
			buildActionMask = 2147483647;
			files = (
				FFAAE0501900A07100D7DF5D /* HelloWorldTests.m in Sources */,
			);
			runOnlyForDeploymentPostprocessing = 0;
		};
/* End PBXSourcesBuildPhase section */

/* Begin PBXTargetDependency section */
		FFAAE0481900A07100D7DF5D /* PBXTargetDependency */ = {
			isa = PBXTargetDependency;
			target = FFAAE01D1900A07000D7DF5D /* HelloWorld */;
			targetProxy = FFAAE0471900A07100D7DF5D /* PBXContainerItemProxy */;
		};
/* End PBXTargetDependency section */

/* Begin PBXVariantGroup section */
		FFAAE02A1900A07100D7DF5D /* InfoPlist.strings */ = {
			isa = PBXVariantGroup;
			children = (
				FFAAE02B1900A07100D7DF5D /* en */,
			);
			name = InfoPlist.strings;
			sourceTree = "<group>";
		};
		FFAAE0331900A07100D7DF5D /* Main_iPhone.storyboard */ = {
			isa = PBXVariantGroup;
			children = (
				FFAAE0341900A07100D7DF5D /* Base */,
			);
			name = Main_iPhone.storyboard;
			sourceTree = "<group>";
		};
		FFAAE0361900A07100D7DF5D /* Main_iPad.storyboard */ = {
			isa = PBXVariantGroup;
			children = (
				FFAAE0371900A07100D7DF5D /* Base */,
			);
			name = Main_iPad.storyboard;
			sourceTree = "<group>";
		};
		FFAAE04C1900A07100D7DF5D /* InfoPlist.strings */ = {
			isa = PBXVariantGroup;
			children = (
				FFAAE04D1900A07100D7DF5D /* en */,
			);
			name = InfoPlist.strings;
			sourceTree = "<group>";
		};
/* End PBXVariantGroup section */

/* Begin XCBuildConfiguration section */
		FFAAE0511900A07100D7DF5D /* Debug */ = {
			isa = XCBuildConfiguration;
			buildSettings = {
				ALWAYS_SEARCH_USER_PATHS = NO;
				CLANG_CXX_LANGUAGE_STANDARD = "gnu++0x";
				CLANG_CXX_LIBRARY = "libc++";
				CLANG_ENABLE_MODULES = YES;
				CLANG_ENABLE_OBJC_ARC = YES;
				CLANG_WARN_BOOL_CONVERSION = YES;
				CLANG_WARN_CONSTANT_CONVERSION = YES;
				CLANG_WARN_DIRECT_OBJC_ISA_USAGE = YES_ERROR;
				CLANG_WARN_EMPTY_BODY = YES;
				CLANG_WARN_ENUM_CONVERSION = YES;
				CLANG_WARN_INT_CONVERSION = YES;
				CLANG_WARN_OBJC_ROOT_CLASS = YES_ERROR;
				CLANG_WARN__DUPLICATE_METHOD_MATCH = YES;
				"CODE_SIGN_IDENTITY[sdk=iphoneos*]" = "iPhone Developer";
				COPY_PHASE_STRIP = NO;
				GCC_C_LANGUAGE_STANDARD = gnu99;
				GCC_DYNAMIC_NO_PIC = NO;
				GCC_OPTIMIZATION_LEVEL = 0;
				GCC_PREPROCESSOR_DEFINITIONS = (
					"DEBUG=1",
					"$(inherited)",
				);
				GCC_SYMBOLS_PRIVATE_EXTERN = NO;
				GCC_WARN_64_TO_32_BIT_CONVERSION = YES;
				GCC_WARN_ABOUT_RETURN_TYPE = YES_ERROR;
				GCC_WARN_UNDECLARED_SELECTOR = YES;
				GCC_WARN_UNINITIALIZED_AUTOS = YES_AGGRESSIVE;
				GCC_WARN_UNUSED_FUNCTION = YES;
				GCC_WARN_UNUSED_VARIABLE = YES;
				IPHONEOS_DEPLOYMENT_TARGET = 7.1;
				ONLY_ACTIVE_ARCH = YES;
				SDKROOT = iphoneos;
				TARGETED_DEVICE_FAMILY = "1,2";
			};
			name = Debug;
		};
		FFAAE0521900A07100D7DF5D /* Release */ = {
			isa = XCBuildConfiguration;
			buildSettings = {
				ALWAYS_SEARCH_USER_PATHS = NO;
				CLANG_CXX_LANGUAGE_STANDARD = "gnu++0x";
				CLANG_CXX_LIBRARY = "libc++";
				CLANG_ENABLE_MODULES = YES;
				CLANG_ENABLE_OBJC_ARC = YES;
				CLANG_WARN_BOOL_CONVERSION = YES;
				CLANG_WARN_CONSTANT_CONVERSION = YES;
				CLANG_WARN_DIRECT_OBJC_ISA_USAGE = YES_ERROR;
				CLANG_WARN_EMPTY_BODY = YES;
				CLANG_WARN_ENUM_CONVERSION = YES;
				CLANG_WARN_INT_CONVERSION = YES;
				CLANG_WARN_OBJC_ROOT_CLASS = YES_ERROR;
				CLANG_WARN__DUPLICATE_METHOD_MATCH = YES;
				"CODE_SIGN_IDENTITY[sdk=iphoneos*]" = "iPhone Developer";
				COPY_PHASE_STRIP = YES;
				ENABLE_NS_ASSERTIONS = NO;
				GCC_C_LANGUAGE_STANDARD = gnu99;
				GCC_WARN_64_TO_32_BIT_CONVERSION = YES;
				GCC_WARN_ABOUT_RETURN_TYPE = YES_ERROR;
				GCC_WARN_UNDECLARED_SELECTOR = YES;
				GCC_WARN_UNINITIALIZED_AUTOS = YES_AGGRESSIVE;
				GCC_WARN_UNUSED_FUNCTION = YES;
				GCC_WARN_UNUSED_VARIABLE = YES;
				IPHONEOS_DEPLOYMENT_TARGET = 7.1;
				SDKROOT = iphoneos;
				TARGETED_DEVICE_FAMILY = "1,2";
				VALIDATE_PRODUCT = YES;
			};
			name = Release;
		};
		FFAAE0541900A07100D7DF5D /* Debug */ = {
			isa = XCBuildConfiguration;
			buildSettings = {
				ASSETCATALOG_COMPILER_APPICON_NAME = AppIcon;
				ASSETCATALOG_COMPILER_LAUNCHIMAGE_NAME = LaunchImage;
				GCC_PRECOMPILE_PREFIX_HEADER = YES;
				GCC_PREFIX_HEADER = "HelloWorld/HelloWorld-Prefix.pch";
				INFOPLIST_FILE = "HelloWorld/HelloWorld-Info.plist";
				PRODUCT_NAME = "$(TARGET_NAME)";
				WRAPPER_EXTENSION = app;
			};
			name = Debug;
		};
		FFAAE0551900A07100D7DF5D /* Release */ = {
			isa = XCBuildConfiguration;
			buildSettings = {
				ASSETCATALOG_COMPILER_APPICON_NAME = AppIcon;
				ASSETCATALOG_COMPILER_LAUNCHIMAGE_NAME = LaunchImage;
				GCC_PRECOMPILE_PREFIX_HEADER = YES;
				GCC_PREFIX_HEADER = "HelloWorld/HelloWorld-Prefix.pch";
				INFOPLIST_FILE = "HelloWorld/HelloWorld-Info.plist";
				PRODUCT_NAME = "$(TARGET_NAME)";
				WRAPPER_EXTENSION = app;
			};
			name = Release;
		};
		FFAAE0571900A07100D7DF5D /* Debug */ = {
			isa = XCBuildConfiguration;
			buildSettings = {
				BUNDLE_LOADER = "$(BUILT_PRODUCTS_DIR)/HelloWorld.app/HelloWorld";
				FRAMEWORK_SEARCH_PATHS = (
					"$(SDKROOT)/Developer/Library/Frameworks",
					"$(inherited)",
					"$(DEVELOPER_FRAMEWORKS_DIR)",
				);
				GCC_PRECOMPILE_PREFIX_HEADER = YES;
				GCC_PREFIX_HEADER = "HelloWorld/HelloWorld-Prefix.pch";
				GCC_PREPROCESSOR_DEFINITIONS = (
					"DEBUG=1",
					"$(inherited)",
				);
				INFOPLIST_FILE = "HelloWorldTests/HelloWorldTests-Info.plist";
				PRODUCT_NAME = "$(TARGET_NAME)";
				TEST_HOST = "$(BUNDLE_LOADER)";
				WRAPPER_EXTENSION = xctest;
			};
			name = Debug;
		};
		FFAAE0581900A07100D7DF5D /* Release */ = {
			isa = XCBuildConfiguration;
			buildSettings = {
				BUNDLE_LOADER = "$(BUILT_PRODUCTS_DIR)/HelloWorld.app/HelloWorld";
				FRAMEWORK_SEARCH_PATHS = (
					"$(SDKROOT)/Developer/Library/Frameworks",
					"$(inherited)",
					"$(DEVELOPER_FRAMEWORKS_DIR)",
				);
				GCC_PRECOMPILE_PREFIX_HEADER = YES;
				GCC_PREFIX_HEADER = "HelloWorld/HelloWorld-Prefix.pch";
				INFOPLIST_FILE = "HelloWorldTests/HelloWorldTests-Info.plist";
				PRODUCT_NAME = "$(TARGET_NAME)";
				TEST_HOST = "$(BUNDLE_LOADER)";
				WRAPPER_EXTENSION = xctest;
			};
			name = Release;
		};
/* End XCBuildConfiguration section */

/* Begin XCConfigurationList section */
		FFAAE0191900A07000D7DF5D /* Build configuration list for PBXProject "HelloWorld" */ = {
			isa = XCConfigurationList;
			buildConfigurations = (
				FFAAE0511900A07100D7DF5D /* Debug */,
				FFAAE0521900A07100D7DF5D /* Release */,
			);
			defaultConfigurationIsVisible = 0;
			defaultConfigurationName = Release;
		};
		FFAAE0531900A07100D7DF5D /* Build configuration list for PBXNativeTarget "HelloWorld" */ = {
			isa = XCConfigurationList;
			buildConfigurations = (
				FFAAE0541900A07100D7DF5D /* Debug */,
				FFAAE0551900A07100D7DF5D /* Release */,
			);
			defaultConfigurationIsVisible = 0;
		};
		FFAAE0561900A07100D7DF5D /* Build configuration list for PBXNativeTarget "HelloWorldTests" */ = {
			isa = XCConfigurationList;
			buildConfigurations = (
				FFAAE0571900A07100D7DF5D /* Debug */,
				FFAAE0581900A07100D7DF5D /* Release */,
			);
			defaultConfigurationIsVisible = 0;
		};
/* End XCConfigurationList section */
	};
	rootObject = FFAAE0161900A07000D7DF5D /* Project object */;
}
